---
packages:
- name: dbtplyr
  package: emilyriederer/dbtplyr
  version: 0.3.3
- name: codegen
  package: dbt-labs/codegen
  version: 0.14.0
- name: dbt_expectations
  package: metaplane/dbt_expectations
  version: 0.10.10
- name: dbt_meta_testing
  package: tnightengale/dbt_meta_testing
  version: 0.3.6
- name: dbt_utils
  package: dbt-labs/dbt_utils
  version: 1.3.3
- name: trino_utils
  package: starburstdata/trino_utils
  version: 0.6.0
- name: dbt_date
  package: godatadriven/dbt_date
  version: 0.17.1
sha1_hash: 8ebd2e29ec7c7d9dfed1c3198d3b322b07b28ecc
